
Microsoft Visual Studio Solution File, Format Version 12.00
# Visual Studio Version 17
VisualStudioVersion = 17.7.34024.191
MinimumVisualStudioVersion = 10.0.40219.1
Project("{9A19103F-16F7-4668-BE54-9A1E7A4F7556}") = "IIB.PBS.API", "IIB.PBS.API\IIB.PBS.API.csproj", "{1E649FE8-8AB6-4D21-A81F-A6CADF0C99BB}"
EndProject
Project("{9A19103F-16F7-4668-BE54-9A1E7A4F7556}") = "IIB.PBS.BL", "IIB.PBS.BL\IIB.PBS.BL.csproj", "{31050637-DCE6-480D-85F0-72E87E077D98}"
EndProject
Project("{9A19103F-16F7-4668-BE54-9A1E7A4F7556}") = "IIB.PBS.DAL", "IIB.PBS.DAL\IIB.PBS.DAL.csproj", "{B32001C0-CBEF-4E42-BA88-86A15C0682B2}"
EndProject
Project("{9A19103F-16F7-4668-BE54-9A1E7A4F7556}") = "IIB.PBS.Model", "IIB.PBS.Model\IIB.PBS.Model.csproj", "{CA127FF1-E715-448B-85B5-B67F64221A02}"
EndProject
Project("{FAE04EC0-301F-11D3-BF4B-00C04F79EFBC}") = "Core", "Core\Core.csproj", "{0A4002FE-CA49-4D4E-A8A8-A6BF8E64F437}"
EndProject
Global
	GlobalSection(SolutionConfigurationPlatforms) = preSolution
		Debug|Any CPU = Debug|Any CPU
		Release|Any CPU = Release|Any CPU
	EndGlobalSection
	GlobalSection(ProjectConfigurationPlatforms) = postSolution
		{1E649FE8-8AB6-4D21-A81F-A6CADF0C99BB}.Debug|Any CPU.ActiveCfg = Debug|Any CPU
		{1E649FE8-8AB6-4D21-A81F-A6CADF0C99BB}.Debug|Any CPU.Build.0 = Debug|Any CPU
		{1E649FE8-8AB6-4D21-A81F-A6CADF0C99BB}.Release|Any CPU.ActiveCfg = Release|Any CPU
		{1E649FE8-8AB6-4D21-A81F-A6CADF0C99BB}.Release|Any CPU.Build.0 = Release|Any CPU
		{31050637-DCE6-480D-85F0-72E87E077D98}.Debug|Any CPU.ActiveCfg = Debug|Any CPU
		{31050637-DCE6-480D-85F0-72E87E077D98}.Debug|Any CPU.Build.0 = Debug|Any CPU
		{31050637-DCE6-480D-85F0-72E87E077D98}.Release|Any CPU.ActiveCfg = Release|Any CPU
		{31050637-DCE6-480D-85F0-72E87E077D98}.Release|Any CPU.Build.0 = Release|Any CPU
		{B32001C0-CBEF-4E42-BA88-86A15C0682B2}.Debug|Any CPU.ActiveCfg = Debug|Any CPU
		{B32001C0-CBEF-4E42-BA88-86A15C0682B2}.Debug|Any CPU.Build.0 = Debug|Any CPU
		{B32001C0-CBEF-4E42-BA88-86A15C0682B2}.Release|Any CPU.ActiveCfg = Release|Any CPU
		{B32001C0-CBEF-4E42-BA88-86A15C0682B2}.Release|Any CPU.Build.0 = Release|Any CPU
		{CA127FF1-E715-448B-85B5-B67F64221A02}.Debug|Any CPU.ActiveCfg = Debug|Any CPU
		{CA127FF1-E715-448B-85B5-B67F64221A02}.Debug|Any CPU.Build.0 = Debug|Any CPU
		{CA127FF1-E715-448B-85B5-B67F64221A02}.Release|Any CPU.ActiveCfg = Release|Any CPU
		{CA127FF1-E715-448B-85B5-B67F64221A02}.Release|Any CPU.Build.0 = Release|Any CPU
		{0A4002FE-CA49-4D4E-A8A8-A6BF8E64F437}.Debug|Any CPU.ActiveCfg = Debug|Any CPU
		{0A4002FE-CA49-4D4E-A8A8-A6BF8E64F437}.Debug|Any CPU.Build.0 = Debug|Any CPU
		{0A4002FE-CA49-4D4E-A8A8-A6BF8E64F437}.Release|Any CPU.ActiveCfg = Release|Any CPU
		{0A4002FE-CA49-4D4E-A8A8-A6BF8E64F437}.Release|Any CPU.Build.0 = Release|Any CPU
	EndGlobalSection
	GlobalSection(SolutionProperties) = preSolution
		HideSolutionNode = FALSE
	EndGlobalSection
	GlobalSection(ExtensibilityGlobals) = postSolution
		SolutionGuid = {DF72BA58-2BD3-4A1C-A283-3434465CF42E}
	EndGlobalSection
EndGlobal
